
Microsoft Visual Studio Solution File, Format Version 12.00
# Visual Studio 15
VisualStudioVersion = 15.0.28307.757
MinimumVisualStudioVersion = 10.0.40219.1
Project("{FAE04EC0-301F-11D3-BF4B-00C04F79EFBC}") = "GuessTheNumber", "GuessTheNumber\GuessTheNumber.csproj", "{F71B7070-6F1A-40AC-BFD1-092A891F4417}"
EndProject
Global
	GlobalSection(SolutionConfigurationPlatforms) = preSolution
		Debug|Any CPU = Debug|Any CPU
		Release|Any CPU = Release|Any CPU
	EndGlobalSection
	GlobalSection(ProjectConfigurationPlatforms) = postSolution
		{F71B7070-6F1A-40AC-BFD1-092A891F4417}.Debug|Any CPU.ActiveCfg = Debug|Any CPU
		{F71B7070-6F1A-40AC-BFD1-092A891F4417}.Debug|Any CPU.Build.0 = Debug|Any CPU
		{F71B7070-6F1A-40AC-BFD1-092A891F4417}.Release|Any CPU.ActiveCfg = Release|Any CPU
		{F71B7070-6F1A-40AC-BFD1-092A891F4417}.Release|Any CPU.Build.0 = Release|Any CPU
	EndGlobalSection
	GlobalSection(SolutionProperties) = preSolution
		HideSolutionNode = FALSE
	EndGlobalSection
	GlobalSection(ExtensibilityGlobals) = postSolution
		SolutionGuid = {D391AD31-9C33-4E12-8F4C-1B4DF3AEBB13}
	EndGlobalSection
EndGlobal
